// !$*UTF8*$!
{
	archiveVersion = 1;
	classes = {
	};
	objectVersion = 46;
	objects = {

/* Begin PBXBuildFile section */
		F25E4EE11A0D33D900E43AC7 /* main.m in Sources */ = {isa = PBXBuildFile; fileRef = F25E4EE01A0D33D900E43AC7 /* main.m */; };
/* End PBXBuildFile section */

/* Begin PBXCopyFilesBuildPhase section */
		F25E4EDB1A0D33D900E43AC7 /* CopyFiles */ = {
			isa = PBXCopyFilesBuildPhase;
			buildActionMask = 2147483647;
			dstPath = /usr/share/man/man1/;
			dstSubfolderSpec = 0;
			files = (
			);
			runOnlyForDeploymentPostprocessing = 1;
		};
/* End PBXCopyFilesBuildPhase section */

/* Begin PBXFileReference section */
		F25E4EDD1A0D33D900E43AC7 /* RandomLetter */ = {isa = PBXFileReference; explicitFileType = "compiled.mach-o.executable"; includeInIndex = 0; path = RandomLetter; sourceTree = BUILT_PRODUCTS_DIR; };
		F25E4EE01A0D33D900E43AC7 /* main.m */ = {isa = PBXFileReference; lastKnownFileType = sourcecode.c.objc; path = main.m; sourceTree = "<group>"; };
/* End PBXFileReference section */

/* Begin PBXFrameworksBuildPhase section */
		F25E4EDA1A0D33D900E43AC7 /* Frameworks */ = {
			isa = PBXFrameworksBuildPhase;
			buildActionMask = 2147483647;
			files = (
			);
			runOnlyForDeploymentPostprocessing = 0;
		};
/* End PBXFrameworksBuildPhase section */

/* Begin PBXGroup section */
		F25E4ED41A0D33D900E43AC7 = {
			isa = PBXGroup;
			children = (
				F25E4EDF1A0D33D900E43AC7 /* RandomLetter */,
				F25E4EDE1A0D33D900E43AC7 /* Products */,
			);
			sourceTree = "<group>";
		};
		F25E4EDE1A0D33D900E43AC7 /* Products */ = {
			isa = PBXGroup;
			children = (
				F25E4EDD1A0D33D900E43AC7 /* RandomLetter */,
			);
			name = Products;
			sourceTree = "<group>";
		};
		F25E4EDF1A0D33D900E43AC7 /* RandomLetter */ = {
			isa = PBXGroup;
			children = (
				F25E4EE01A0D33D900E43AC7 /* main.m */,
			);
			path = RandomLetter;
			sourceTree = "<group>";
		};
/* End PBXGroup section */

/* Begin PBXNativeTarget section */
		F25E4EDC1A0D33D900E43AC7 /* RandomLetter */ = {
			isa = PBXNativeTarget;
			buildConfigurationList = F25E4EE41A0D33D900E43AC7 /* Build configuration list for PBXNativeTarget "RandomLetter" */;
			buildPhases = (
				F25E4ED91A0D33D900E43AC7 /* Sources */,
				F25E4EDA1A0D33D900E43AC7 /* Frameworks */,
				F25E4EDB1A0D33D900E43AC7 /* CopyFiles */,
			);
			buildRules = (
			);
			dependencies = (
			);
			name = RandomLetter;
			productName = RandomLetter;
			productReference = F25E4EDD1A0D33D900E43AC7 /* RandomLetter */;
			productType = "com.apple.product-type.tool";
		};
/* End PBXNativeTarget section */

/* Begin PBXProject section */
		F25E4ED51A0D33D900E43AC7 /* Project object */ = {
			isa = PBXProject;
			attributes = {
				LastUpgradeCheck = 0610;
				ORGANIZATIONNAME = "App Partner";
				TargetAttributes = {
					F25E4EDC1A0D33D900E43AC7 = {
						CreatedOnToolsVersion = 6.1;
					};
				};
			};
			buildConfigurationList = F25E4ED81A0D33D900E43AC7 /* Build configuration list for PBXProject "RandomLetter" */;
			compatibilityVersion = "Xcode 3.2";
			developmentRegion = English;
			hasScannedForEncodings = 0;
			knownRegions = (
				en,
			);
			mainGroup = F25E4ED41A0D33D900E43AC7;
			productRefGroup = F25E4EDE1A0D33D900E43AC7 /* Products */;
			projectDirPath = "";
			projectRoot = "";
			targets = (
				F25E4EDC1A0D33D900E43AC7 /* RandomLetter */,
			);
		};
/* End PBXProject section */

/* Begin PBXSourcesBuildPhase section */
		F25E4ED91A0D33D900E43AC7 /* Sources */ = {
			isa = PBXSourcesBuildPhase;
			buildActionMask = 2147483647;
			files = (
				F25E4EE11A0D33D900E43AC7 /* main.m in Sources */,
			);
			runOnlyForDeploymentPostprocessing = 0;
		};
/* End PBXSourcesBuildPhase section */

/* Begin XCBuildConfiguration section */
		F25E4EE21A0D33D900E43AC7 /* Debug */ = {
			isa = XCBuildConfiguration;
			buildSettings = {
				ALWAYS_SEARCH_USER_PATHS = NO;
				CLANG_CXX_LANGUAGE_STANDARD = "gnu++0x";
				CLANG_CXX_LIBRARY = "libc++";
				CLANG_ENABLE_MODULES = YES;
				CLANG_ENABLE_OBJC_ARC = YES;
				CLANG_WARN_BOOL_CONVERSION = YES;
				CLANG_WARN_CONSTANT_CONVERSION = YES;
				CLANG_WARN_DIRECT_OBJC_ISA_USAGE = YES_ERROR;
				CLANG_WARN_EMPTY_BODY = YES;
				CLANG_WARN_ENUM_CONVERSION = YES;
				CLANG_WARN_INT_CONVERSION = YES;
				CLANG_WARN_OBJC_ROOT_CLASS = YES_ERROR;
				CLANG_WARN_UNREACHABLE_CODE = YES;
				CLANG_WARN__DUPLICATE_METHOD_MATCH = YES;
				COPY_PHASE_STRIP = NO;
				ENABLE_STRICT_OBJC_MSGSEND = YES;
				GCC_C_LANGUAGE_STANDARD = gnu99;
				GCC_DYNAMIC_NO_PIC = NO;
				GCC_OPTIMIZATION_LEVEL = 0;
				GCC_PREPROCESSOR_DEFINITIONS = (
					"DEBUG=1",
					"$(inherited)",
				);
				GCC_SYMBOLS_PRIVATE_EXTERN = NO;
				GCC_WARN_64_TO_32_BIT_CONVERSION = YES;
				GCC_WARN_ABOUT_RETURN_TYPE = YES_ERROR;
				GCC_WARN_UNDECLARED_SELECTOR = YES;
				GCC_WARN_UNINITIALIZED_AUTOS = YES_AGGRESSIVE;
				GCC_WARN_UNUSED_FUNCTION = YES;
				GCC_WARN_UNUSED_VARIABLE = YES;
				MACOSX_DEPLOYMENT_TARGET = 10.9;
				MTL_ENABLE_DEBUG_INFO = YES;
				ONLY_ACTIVE_ARCH = YES;
				SDKROOT = macosx;
			};
			name = Debug;
		};
		F25E4EE31A0D33D900E43AC7 /* Release */ = {
			isa = XCBuildConfiguration;
			buildSettings = {
				ALWAYS_SEARCH_USER_PATHS = NO;
				CLANG_CXX_LANGUAGE_STANDARD = "gnu++0x";
				CLANG_CXX_LIBRARY = "libc++";
				CLANG_ENABLE_MODULES = YES;
				CLANG_ENABLE_OBJC_ARC = YES;
				CLANG_WARN_BOOL_CONVERSION = YES;
				CLANG_WARN_CONSTANT_CONVERSION = YES;
				CLANG_WARN_DIRECT_OBJC_ISA_USAGE = YES_ERROR;
				CLANG_WARN_EMPTY_BODY = YES;
				CLANG_WARN_ENUM_CONVERSION = YES;
				CLANG_WARN_INT_CONVERSION = YES;
				CLANG_WARN_OBJC_ROOT_CLASS = YES_ERROR;
				CLANG_WARN_UNREACHABLE_CODE = YES;
				CLANG_WARN__DUPLICATE_METHOD_MATCH = YES;
				COPY_PHASE_STRIP = YES;
				DEBUG_INFORMATION_FORMAT = "dwarf-with-dsym";
				ENABLE_NS_ASSERTIONS = NO;
				ENABLE_STRICT_OBJC_MSGSEND = YES;
				GCC_C_LANGUAGE_STANDARD = gnu99;
				GCC_WARN_64_TO_32_BIT_CONVERSION = YES;
				GCC_WARN_ABOUT_RETURN_TYPE = YES_ERROR;
				GCC_WARN_UNDECLARED_SELECTOR = YES;
				GCC_WARN_UNINITIALIZED_AUTOS = YES_AGGRESSIVE;
				GCC_WARN_UNUSED_FUNCTION = YES;
				GCC_WARN_UNUSED_VARIABLE = YES;
				MACOSX_DEPLOYMENT_TARGET = 10.9;
				MTL_ENABLE_DEBUG_INFO = NO;
				SDKROOT = macosx;
			};
			name = Release;
		};
		F25E4EE51A0D33D900E43AC7 /* Debug */ = {
			isa = XCBuildConfiguration;
			buildSettings = {
				PRODUCT_NAME = "$(TARGET_NAME)";
			};
			name = Debug;
		};
		F25E4EE61A0D33D900E43AC7 /* Release */ = {
			isa = XCBuildConfiguration;
			buildSettings = {
				PRODUCT_NAME = "$(TARGET_NAME)";
			};
			name = Release;
		};
/* End XCBuildConfiguration section */

/* Begin XCConfigurationList section */
		F25E4ED81A0D33D900E43AC7 /* Build configuration list for PBXProject "RandomLetter" */ = {
			isa = XCConfigurationList;
			buildConfigurations = (
				F25E4EE21A0D33D900E43AC7 /* Debug */,
				F25E4EE31A0D33D900E43AC7 /* Release */,
			);
			defaultConfigurationIsVisible = 0;
			defaultConfigurationName = Release;
		};
		F25E4EE41A0D33D900E43AC7 /* Build configuration list for PBXNativeTarget "RandomLetter" */ = {
			isa = XCConfigurationList;
			buildConfigurations = (
				F25E4EE51A0D33D900E43AC7 /* Debug */,
				F25E4EE61A0D33D900E43AC7 /* Release */,
			);
			defaultConfigurationIsVisible = 0;
		};
/* End XCConfigurationList section */
	};
	rootObject = F25E4ED51A0D33D900E43AC7 /* Project object */;
}
